<?xml version="1.0" encoding="utf-8"?>
<Project ToolsVersion="4.0" xmlns="http://schemas.microsoft.com/developer/msbuild/2003">
  <ItemGroup>
    <Filter Include="Quellcodedateien">
      <UniqueIdentifier>{cb1e3495-8823-472a-b8f4-baa99e453546}</UniqueIdentifier>
      <Extensions>cpp;c;cxx;rc;def;r;odl;idl;hpj;bat</Extensions>
    </Filter>
    <Filter Include="Header-Dateien">
      <UniqueIdentifier>{86a970ea-fef1-47d7-beb0-5ac445c11a56}</UniqueIdentifier>
      <Extensions>h;hpp;hxx;hm;inl</Extensions>
    </Filter>
    <Filter Include="Ressourcendateien">
      <UniqueIdentifier>{906b5d7d-20b8-4015-8138-83085ec67e08}</UniqueIdentifier>
      <Extensions>ico;cur;bmp;dlg;rc2;rct;bin;rgs;gif;jpg;jpeg;jpe</Extensions>
    </Filter>
  </ItemGroup>
  <ItemGroup>
    <ClCompile Include="main.cpp">
      <Filter>Quellcodedateien</Filter>
    </ClCompile>
  </ItemGroup>
  <ItemGroup>
    <ClInclude Include="arg_util.h">
      <Filter>Header-Dateien</Filter>
    </ClInclude>
    <ClInclude Include="Face.h">
      <Filter>Header-Dateien</Filter>
    </ClInclude>
    <ClInclude Include="GlobalMatching.h">
      <Filter>Header-Dateien</Filter>
    </ClInclude>
    <ClInclude Include="GVertexArray.h">
      <Filter>Header-Dateien</Filter>
    </ClInclude>
    <ClInclude Include="MathClasses.h">
      <Filter>Header-Dateien</Filter>
    </ClInclude>
    <ClInclude Include="MathDef.h">
      <Filter>Header-Dateien</Filter>
    </ClInclude>
    <ClInclude Include="Ray.h">
      <Filter>Header-Dateien</Filter>
    </ClInclude>
    <ClInclude Include="render_gl.h">
      <Filter>Header-Dateien</Filter>
    </ClInclude>
    <ClInclude Include="SampleArr.h">
      <Filter>Header-Dateien</Filter>
    </ClInclude>
    <ClInclude Include="ShapeContext.h">
      <Filter>Header-Dateien</Filter>
    </ClInclude>
    <ClInclude Include="ShapeMatrix.h">
      <Filter>Header-Dateien</Filter>
    </ClInclude>
    <ClInclude Include="TriMesh.h">
      <Filter>Header-Dateien</Filter>
    </ClInclude>
  </ItemGroup>
  <ItemGroup>
    <None Include="glut32.dll" />
    <None Include="ANT.OBJ" />
  </ItemGroup>
</Project>